
Microsoft Visual Studio Solution File, Format Version 12.00
# Visual Studio Version 17
VisualStudioVersion = 17.6.33723.286
MinimumVisualStudioVersion = 10.0.40219.1
Project("{FAE04EC0-301F-11D3-BF4B-00C04F79EFBC}") = "knn", "knn\knn.csproj", "{6786D1FC-3205-4660-A1F0-6717C9E001A8}"
EndProject
Global
	GlobalSection(SolutionConfigurationPlatforms) = preSolution
		Debug|Any CPU = Debug|Any CPU
		Release|Any CPU = Release|Any CPU
	EndGlobalSection
	GlobalSection(ProjectConfigurationPlatforms) = postSolution
		{6786D1FC-3205-4660-A1F0-6717C9E001A8}.Debug|Any CPU.ActiveCfg = Debug|Any CPU
		{6786D1FC-3205-4660-A1F0-6717C9E001A8}.Debug|Any CPU.Build.0 = Debug|Any CPU
		{6786D1FC-3205-4660-A1F0-6717C9E001A8}.Release|Any CPU.ActiveCfg = Release|Any CPU
		{6786D1FC-3205-4660-A1F0-6717C9E001A8}.Release|Any CPU.Build.0 = Release|Any CPU
	EndGlobalSection
	GlobalSection(SolutionProperties) = preSolution
		HideSolutionNode = FALSE
	EndGlobalSection
	GlobalSection(ExtensibilityGlobals) = postSolution
		SolutionGuid = {274649AB-9410-4758-86CD-E1D3500AA035}
	EndGlobalSection
EndGlobal
